
Microsoft Visual Studio Solution File, Format Version 12.00
# Visual Studio Version 17
VisualStudioVersion = 17.4.33213.308
MinimumVisualStudioVersion = 10.0.40219.1
Project("{FAE04EC0-301F-11D3-BF4B-00C04F79EFBC}") = "ConsoleApp2", "ConsoleApp2.csproj", "{256F376C-DD78-469A-BFE8-CBCFF1744A84}"
EndProject
Global
	GlobalSection(SolutionConfigurationPlatforms) = preSolution
		Debug|Any CPU = Debug|Any CPU
		Release|Any CPU = Release|Any CPU
	EndGlobalSection
	GlobalSection(ProjectConfigurationPlatforms) = postSolution
		{256F376C-DD78-469A-BFE8-CBCFF1744A84}.Debug|Any CPU.ActiveCfg = Debug|Any CPU
		{256F376C-DD78-469A-BFE8-CBCFF1744A84}.Debug|Any CPU.Build.0 = Debug|Any CPU
		{256F376C-DD78-469A-BFE8-CBCFF1744A84}.Release|Any CPU.ActiveCfg = Release|Any CPU
		{256F376C-DD78-469A-BFE8-CBCFF1744A84}.Release|Any CPU.Build.0 = Release|Any CPU
	EndGlobalSection
	GlobalSection(SolutionProperties) = preSolution
		HideSolutionNode = FALSE
	EndGlobalSection
	GlobalSection(ExtensibilityGlobals) = postSolution
		SolutionGuid = {4E24FD6D-2289-4E79-BDEE-5275306E09E5}
	EndGlobalSection
EndGlobal
