
Microsoft Visual Studio Solution File, Format Version 12.00
# Visual Studio Version 17
VisualStudioVersion = 17.4.33213.308
MinimumVisualStudioVersion = 10.0.40219.1
Project("{FAE04EC0-301F-11D3-BF4B-00C04F79EFBC}") = "PE06", "PE06.csproj", "{D992F1E1-55C0-40FE-BF49-7282853785DA}"
EndProject
Global
	GlobalSection(SolutionConfigurationPlatforms) = preSolution
		Debug|Any CPU = Debug|Any CPU
		Release|Any CPU = Release|Any CPU
	EndGlobalSection
	GlobalSection(ProjectConfigurationPlatforms) = postSolution
		{D992F1E1-55C0-40FE-BF49-7282853785DA}.Debug|Any CPU.ActiveCfg = Debug|Any CPU
		{D992F1E1-55C0-40FE-BF49-7282853785DA}.Debug|Any CPU.Build.0 = Debug|Any CPU
		{D992F1E1-55C0-40FE-BF49-7282853785DA}.Release|Any CPU.ActiveCfg = Release|Any CPU
		{D992F1E1-55C0-40FE-BF49-7282853785DA}.Release|Any CPU.Build.0 = Release|Any CPU
	EndGlobalSection
	GlobalSection(SolutionProperties) = preSolution
		HideSolutionNode = FALSE
	EndGlobalSection
	GlobalSection(ExtensibilityGlobals) = postSolution
		SolutionGuid = {C4821838-35D2-4D95-B0F7-DC3B213AC5F6}
	EndGlobalSection
EndGlobal
