
Microsoft Visual Studio Solution File, Format Version 12.00
# Visual Studio Version 17
VisualStudioVersion = 17.4.33213.308
MinimumVisualStudioVersion = 10.0.40219.1
Project("{FAE04EC0-301F-11D3-BF4B-00C04F79EFBC}") = "Wanasundera_HelloWorld", "Wanasundera_HelloWorld.csproj", "{82C6D518-5D44-48A2-BD09-F3BF8754B1E6}"
EndProject
Global
	GlobalSection(SolutionConfigurationPlatforms) = preSolution
		Debug|Any CPU = Debug|Any CPU
		Release|Any CPU = Release|Any CPU
	EndGlobalSection
	GlobalSection(ProjectConfigurationPlatforms) = postSolution
		{82C6D518-5D44-48A2-BD09-F3BF8754B1E6}.Debug|Any CPU.ActiveCfg = Debug|Any CPU
		{82C6D518-5D44-48A2-BD09-F3BF8754B1E6}.Debug|Any CPU.Build.0 = Debug|Any CPU
		{82C6D518-5D44-48A2-BD09-F3BF8754B1E6}.Release|Any CPU.ActiveCfg = Release|Any CPU
		{82C6D518-5D44-48A2-BD09-F3BF8754B1E6}.Release|Any CPU.Build.0 = Release|Any CPU
	EndGlobalSection
	GlobalSection(SolutionProperties) = preSolution
		HideSolutionNode = FALSE
	EndGlobalSection
	GlobalSection(ExtensibilityGlobals) = postSolution
		SolutionGuid = {A7476E93-EC4D-40BC-87D3-05C5A33B431F}
	EndGlobalSection
EndGlobal
