
Microsoft Visual Studio Solution File, Format Version 12.00
# Visual Studio Version 17
VisualStudioVersion = 17.4.33213.308
MinimumVisualStudioVersion = 10.0.40219.1
Project("{FAE04EC0-301F-11D3-BF4B-00C04F79EFBC}") = "DataTypeConversion", "DataTypeConversion.csproj", "{5464DDB2-DDE1-4A5A-9C1C-6930E0C2FE08}"
EndProject
Global
	GlobalSection(SolutionConfigurationPlatforms) = preSolution
		Debug|Any CPU = Debug|Any CPU
		Release|Any CPU = Release|Any CPU
	EndGlobalSection
	GlobalSection(ProjectConfigurationPlatforms) = postSolution
		{5464DDB2-DDE1-4A5A-9C1C-6930E0C2FE08}.Debug|Any CPU.ActiveCfg = Debug|Any CPU
		{5464DDB2-DDE1-4A5A-9C1C-6930E0C2FE08}.Debug|Any CPU.Build.0 = Debug|Any CPU
		{5464DDB2-DDE1-4A5A-9C1C-6930E0C2FE08}.Release|Any CPU.ActiveCfg = Release|Any CPU
		{5464DDB2-DDE1-4A5A-9C1C-6930E0C2FE08}.Release|Any CPU.Build.0 = Release|Any CPU
	EndGlobalSection
	GlobalSection(SolutionProperties) = preSolution
		HideSolutionNode = FALSE
	EndGlobalSection
	GlobalSection(ExtensibilityGlobals) = postSolution
		SolutionGuid = {57817E99-B44B-4594-81FD-0086CA395EF4}
	EndGlobalSection
EndGlobal
