
Microsoft Visual Studio Solution File, Format Version 12.00
# Visual Studio Version 17
VisualStudioVersion = 17.4.33213.308
MinimumVisualStudioVersion = 10.0.40219.1
Project("{FAE04EC0-301F-11D3-BF4B-00C04F79EFBC}") = "Mandlebrot", "Mandlebrot.csproj", "{98E6F08D-4675-43C7-8AFB-C543946FBE93}"
EndProject
Global
	GlobalSection(SolutionConfigurationPlatforms) = preSolution
		Debug|Any CPU = Debug|Any CPU
		Release|Any CPU = Release|Any CPU
	EndGlobalSection
	GlobalSection(ProjectConfigurationPlatforms) = postSolution
		{98E6F08D-4675-43C7-8AFB-C543946FBE93}.Debug|Any CPU.ActiveCfg = Debug|Any CPU
		{98E6F08D-4675-43C7-8AFB-C543946FBE93}.Debug|Any CPU.Build.0 = Debug|Any CPU
		{98E6F08D-4675-43C7-8AFB-C543946FBE93}.Release|Any CPU.ActiveCfg = Release|Any CPU
		{98E6F08D-4675-43C7-8AFB-C543946FBE93}.Release|Any CPU.Build.0 = Release|Any CPU
	EndGlobalSection
	GlobalSection(SolutionProperties) = preSolution
		HideSolutionNode = FALSE
	EndGlobalSection
	GlobalSection(ExtensibilityGlobals) = postSolution
		SolutionGuid = {CEBFAF58-782D-4F0D-A93B-E8291ABC3F2F}
	EndGlobalSection
EndGlobal
