
Microsoft Visual Studio Solution File, Format Version 12.00
# Visual Studio Version 17
VisualStudioVersion = 17.4.33213.308
MinimumVisualStudioVersion = 10.0.40219.1
Project("{FAE04EC0-301F-11D3-BF4B-00C04F79EFBC}") = "Unit Test Q2", "Unit Test Q2.csproj", "{B8525F1A-6402-45EB-96D0-97E5056A3E6F}"
EndProject
Global
	GlobalSection(SolutionConfigurationPlatforms) = preSolution
		Debug|Any CPU = Debug|Any CPU
		Release|Any CPU = Release|Any CPU
	EndGlobalSection
	GlobalSection(ProjectConfigurationPlatforms) = postSolution
		{B8525F1A-6402-45EB-96D0-97E5056A3E6F}.Debug|Any CPU.ActiveCfg = Debug|Any CPU
		{B8525F1A-6402-45EB-96D0-97E5056A3E6F}.Debug|Any CPU.Build.0 = Debug|Any CPU
		{B8525F1A-6402-45EB-96D0-97E5056A3E6F}.Release|Any CPU.ActiveCfg = Release|Any CPU
		{B8525F1A-6402-45EB-96D0-97E5056A3E6F}.Release|Any CPU.Build.0 = Release|Any CPU
	EndGlobalSection
	GlobalSection(SolutionProperties) = preSolution
		HideSolutionNode = FALSE
	EndGlobalSection
	GlobalSection(ExtensibilityGlobals) = postSolution
		SolutionGuid = {3D08DC05-E66B-478C-875E-E5E2FC213AF5}
	EndGlobalSection
EndGlobal
