
Microsoft Visual Studio Solution File, Format Version 12.00
# Visual Studio Version 17
VisualStudioVersion = 17.4.33213.308
MinimumVisualStudioVersion = 10.0.40219.1
Project("{FAE04EC0-301F-11D3-BF4B-00C04F79EFBC}") = "Unit Test Q1", "Unit Test Q1.csproj", "{C6550479-6CA8-45C4-8F8A-B3E8FECF4794}"
EndProject
Global
	GlobalSection(SolutionConfigurationPlatforms) = preSolution
		Debug|Any CPU = Debug|Any CPU
		Release|Any CPU = Release|Any CPU
	EndGlobalSection
	GlobalSection(ProjectConfigurationPlatforms) = postSolution
		{C6550479-6CA8-45C4-8F8A-B3E8FECF4794}.Debug|Any CPU.ActiveCfg = Debug|Any CPU
		{C6550479-6CA8-45C4-8F8A-B3E8FECF4794}.Debug|Any CPU.Build.0 = Debug|Any CPU
		{C6550479-6CA8-45C4-8F8A-B3E8FECF4794}.Release|Any CPU.ActiveCfg = Release|Any CPU
		{C6550479-6CA8-45C4-8F8A-B3E8FECF4794}.Release|Any CPU.Build.0 = Release|Any CPU
	EndGlobalSection
	GlobalSection(SolutionProperties) = preSolution
		HideSolutionNode = FALSE
	EndGlobalSection
	GlobalSection(ExtensibilityGlobals) = postSolution
		SolutionGuid = {E53809FF-1C34-477E-8E8D-7A97DD27BCB3}
	EndGlobalSection
EndGlobal
