
Microsoft Visual Studio Solution File, Format Version 12.00
# Visual Studio Version 17
VisualStudioVersion = 17.4.33213.308
MinimumVisualStudioVersion = 10.0.40219.1
Project("{FAE04EC0-301F-11D3-BF4B-00C04F79EFBC}") = "PE09", "PE09.csproj", "{C0796BB9-4B10-4AA6-ABC8-E260224708CA}"
EndProject
Global
	GlobalSection(SolutionConfigurationPlatforms) = preSolution
		Debug|Any CPU = Debug|Any CPU
		Release|Any CPU = Release|Any CPU
	EndGlobalSection
	GlobalSection(ProjectConfigurationPlatforms) = postSolution
		{C0796BB9-4B10-4AA6-ABC8-E260224708CA}.Debug|Any CPU.ActiveCfg = Debug|Any CPU
		{C0796BB9-4B10-4AA6-ABC8-E260224708CA}.Debug|Any CPU.Build.0 = Debug|Any CPU
		{C0796BB9-4B10-4AA6-ABC8-E260224708CA}.Release|Any CPU.ActiveCfg = Release|Any CPU
		{C0796BB9-4B10-4AA6-ABC8-E260224708CA}.Release|Any CPU.Build.0 = Release|Any CPU
	EndGlobalSection
	GlobalSection(SolutionProperties) = preSolution
		HideSolutionNode = FALSE
	EndGlobalSection
	GlobalSection(ExtensibilityGlobals) = postSolution
		SolutionGuid = {84EFE4DC-9653-4D03-A7CB-399674D7CB53}
	EndGlobalSection
EndGlobal
