
Microsoft Visual Studio Solution File, Format Version 12.00
# Visual Studio Version 17
VisualStudioVersion = 17.4.33213.308
MinimumVisualStudioVersion = 10.0.40219.1
Project("{FAE04EC0-301F-11D3-BF4B-00C04F79EFBC}") = "Unit Test Q13", "Unit Test Q13.csproj", "{5C5C0CEF-4A4E-4606-99DE-17172E479370}"
EndProject
Global
	GlobalSection(SolutionConfigurationPlatforms) = preSolution
		Debug|Any CPU = Debug|Any CPU
		Release|Any CPU = Release|Any CPU
	EndGlobalSection
	GlobalSection(ProjectConfigurationPlatforms) = postSolution
		{5C5C0CEF-4A4E-4606-99DE-17172E479370}.Debug|Any CPU.ActiveCfg = Debug|Any CPU
		{5C5C0CEF-4A4E-4606-99DE-17172E479370}.Debug|Any CPU.Build.0 = Debug|Any CPU
		{5C5C0CEF-4A4E-4606-99DE-17172E479370}.Release|Any CPU.ActiveCfg = Release|Any CPU
		{5C5C0CEF-4A4E-4606-99DE-17172E479370}.Release|Any CPU.Build.0 = Release|Any CPU
	EndGlobalSection
	GlobalSection(SolutionProperties) = preSolution
		HideSolutionNode = FALSE
	EndGlobalSection
	GlobalSection(ExtensibilityGlobals) = postSolution
		SolutionGuid = {0F166C9C-39CF-416D-AD8C-04D478E09E6E}
	EndGlobalSection
EndGlobal
