
Microsoft Visual Studio Solution File, Format Version 12.00
# Visual Studio Version 17
VisualStudioVersion = 17.4.33213.308
MinimumVisualStudioVersion = 10.0.40219.1
Project("{FAE04EC0-301F-11D3-BF4B-00C04F79EFBC}") = "Unit Test Q3", "Unit Test Q3.csproj", "{789D8A10-75EC-4BEE-A0F6-A09DD2BD19B2}"
EndProject
Global
	GlobalSection(SolutionConfigurationPlatforms) = preSolution
		Debug|Any CPU = Debug|Any CPU
		Release|Any CPU = Release|Any CPU
	EndGlobalSection
	GlobalSection(ProjectConfigurationPlatforms) = postSolution
		{789D8A10-75EC-4BEE-A0F6-A09DD2BD19B2}.Debug|Any CPU.ActiveCfg = Debug|Any CPU
		{789D8A10-75EC-4BEE-A0F6-A09DD2BD19B2}.Debug|Any CPU.Build.0 = Debug|Any CPU
		{789D8A10-75EC-4BEE-A0F6-A09DD2BD19B2}.Release|Any CPU.ActiveCfg = Release|Any CPU
		{789D8A10-75EC-4BEE-A0F6-A09DD2BD19B2}.Release|Any CPU.Build.0 = Release|Any CPU
	EndGlobalSection
	GlobalSection(SolutionProperties) = preSolution
		HideSolutionNode = FALSE
	EndGlobalSection
	GlobalSection(ExtensibilityGlobals) = postSolution
		SolutionGuid = {9F867811-1BB3-4D00-BF78-B4ABD96C5E86}
	EndGlobalSection
EndGlobal
