
Microsoft Visual Studio Solution File, Format Version 12.00
# Visual Studio Version 17
VisualStudioVersion = 17.4.33213.308
MinimumVisualStudioVersion = 10.0.40219.1
Project("{FAE04EC0-301F-11D3-BF4B-00C04F79EFBC}") = "MathQuiz", "MathQuiz.csproj", "{C5556754-2159-48BA-98C0-1F7BF93303AE}"
EndProject
Global
	GlobalSection(SolutionConfigurationPlatforms) = preSolution
		Debug|Any CPU = Debug|Any CPU
		Release|Any CPU = Release|Any CPU
	EndGlobalSection
	GlobalSection(ProjectConfigurationPlatforms) = postSolution
		{C5556754-2159-48BA-98C0-1F7BF93303AE}.Debug|Any CPU.ActiveCfg = Debug|Any CPU
		{C5556754-2159-48BA-98C0-1F7BF93303AE}.Debug|Any CPU.Build.0 = Debug|Any CPU
		{C5556754-2159-48BA-98C0-1F7BF93303AE}.Release|Any CPU.ActiveCfg = Release|Any CPU
		{C5556754-2159-48BA-98C0-1F7BF93303AE}.Release|Any CPU.Build.0 = Release|Any CPU
	EndGlobalSection
	GlobalSection(SolutionProperties) = preSolution
		HideSolutionNode = FALSE
	EndGlobalSection
	GlobalSection(ExtensibilityGlobals) = postSolution
		SolutionGuid = {6D98446C-5E29-4068-96DE-952065CC3267}
	EndGlobalSection
EndGlobal
